
Microsoft Visual Studio Solution File, Format Version 12.00
# Visual Studio Version 17
VisualStudioVersion = 17.6.33829.357
MinimumVisualStudioVersion = 10.0.40219.1
Project("{FAE04EC0-301F-11D3-BF4B-00C04F79EFBC}") = "Project", "Project\Project.csproj", "{2EF9CF17-B2A2-49C4-BF4B-D4A763135FBD}"
EndProject
Global
	GlobalSection(SolutionConfigurationPlatforms) = preSolution
		Debug|Any CPU = Debug|Any CPU
		Release|Any CPU = Release|Any CPU
	EndGlobalSection
	GlobalSection(ProjectConfigurationPlatforms) = postSolution
		{2EF9CF17-B2A2-49C4-BF4B-D4A763135FBD}.Debug|Any CPU.ActiveCfg = Debug|Any CPU
		{2EF9CF17-B2A2-49C4-BF4B-D4A763135FBD}.Debug|Any CPU.Build.0 = Debug|Any CPU
		{2EF9CF17-B2A2-49C4-BF4B-D4A763135FBD}.Release|Any CPU.ActiveCfg = Release|Any CPU
		{2EF9CF17-B2A2-49C4-BF4B-D4A763135FBD}.Release|Any CPU.Build.0 = Release|Any CPU
	EndGlobalSection
	GlobalSection(SolutionProperties) = preSolution
		HideSolutionNode = FALSE
	EndGlobalSection
	GlobalSection(ExtensibilityGlobals) = postSolution
		SolutionGuid = {D281B416-2BDB-4294-941B-62DA0CE66389}
	EndGlobalSection
EndGlobal
